{
  "markbot": "e545c6a632b835631e43ed771a2e692e03001aecb124ac560a428442c10d6576",
  "markbotignore": "030a4e6e1b3b6b510514a7ae54576e2c2ef762d56236c6414ef634955d96a126",
  "index-320.png": "f239d92e002914d44b12e4c122720b356e4c3d14cb214904c4f02487d306c79f",
  "index-608.png": "a12a645881ce9c81c12d2a953b495497b7c4585de6fec44a8a1636acb6fae893",
  "index-1000.png": "43e0a08b0f2f5b51f1215888490b63e8c462dc5949b4d8354445914116d79896"
}